
Microsoft Visual Studio Solution File, Format Version 12.00
# Visual Studio 14
VisualStudioVersion = 14.0.23107.0
MinimumVisualStudioVersion = 10.0.40219.1
Project("{FAE04EC0-301F-11D3-BF4B-00C04F79EFBC}") = "ScannerListener", "ScannerListener\ScannerListener.csproj", "{75445A1D-8C0A-4EDC-B888-86B6552B2077}"
EndProject
Global
	GlobalSection(SolutionConfigurationPlatforms) = preSolution
		Debug|Any CPU = Debug|Any CPU
		Release|Any CPU = Release|Any CPU
	EndGlobalSection
	GlobalSection(ProjectConfigurationPlatforms) = postSolution
		{75445A1D-8C0A-4EDC-B888-86B6552B2077}.Debug|Any CPU.ActiveCfg = Debug|Any CPU
		{75445A1D-8C0A-4EDC-B888-86B6552B2077}.Debug|Any CPU.Build.0 = Debug|Any CPU
		{75445A1D-8C0A-4EDC-B888-86B6552B2077}.Release|Any CPU.ActiveCfg = Release|Any CPU
		{75445A1D-8C0A-4EDC-B888-86B6552B2077}.Release|Any CPU.Build.0 = Release|Any CPU
	EndGlobalSection
	GlobalSection(SolutionProperties) = preSolution
		HideSolutionNode = FALSE
	EndGlobalSection
EndGlobal
